# This file was autogenerated by Stack.
# You should not edit this file by hand.
# For more information, please see the documentation at:
#   https://docs.haskellstack.org/en/stable/lock_files

packages:
- completed:
    hackage: effectful-2.5.0.0@sha256:b6e421caf3cd70ab5cf837fc86a3c370240219ca73178629aee1dc7c31f3f219,7432
    pantry-tree:
      sha256: ed8bf4a92bb6dd289742db4553c75ee1c66e5b0291eb1fd0739156e6d59d63b0
      size: 3409
  original:
    hackage: effectful-2.5.0.0@sha256:b6e421caf3cd70ab5cf837fc86a3c370240219ca73178629aee1dc7c31f3f219,7432
- completed:
    hackage: effectful-core-2.5.0.0@sha256:a34cf1f3b33cf77314d54baec81b61b1c98c67dacb1123605fd7441943e2d904,4203
    pantry-tree:
      sha256: aaa0b924bed66dc27fe685c9384abd9a073d17e238882d2c9ae43d49dbb67fd2
      size: 2474
  original:
    hackage: effectful-core-2.5.0.0@sha256:a34cf1f3b33cf77314d54baec81b61b1c98c67dacb1123605fd7441943e2d904,4203
- completed:
    hackage: env-guard-0.2@sha256:99b89cde1ed6d599880dfbc72b2c9a75ced57b7800a70dcb57d3e3e89e42184c,1312
    pantry-tree:
      sha256: 4884b3e9fc1fe18928cf0fda07e3de552110362d2edc024c632b0a31244cbadb
      size: 419
  original:
    hackage: env-guard-0.2@sha256:99b89cde1ed6d599880dfbc72b2c9a75ced57b7800a70dcb57d3e3e89e42184c,1312
- completed:
    hackage: strict-mutable-base-1.1.0.0@sha256:b1c039f6b179aedb420a90cbe15d3c3e78fbaaa7146ed02700b84c6018ee734f,1430
    pantry-tree:
      sha256: 72f03d9f5f5ad68f71e3405f8060b7a1b0875cd3f6a73ac52b8b2f091ae984d2
      size: 439
  original:
    hackage: strict-mutable-base-1.1.0.0@sha256:b1c039f6b179aedb420a90cbe15d3c3e78fbaaa7146ed02700b84c6018ee734f,1430
- completed:
    hackage: text-display-0.0.5.2@sha256:6e6a5bf1c83dfa6c34692ed5d8ea87f1bd385984309b42c302f2156f4d82477b,2670
    pantry-tree:
      sha256: e84ac3f5fdc4d6e1c544174735beb80474cf7d7b849abfd1ae6184517a30c1c1
      size: 3364
  original:
    hackage: text-display-0.0.5.2@sha256:6e6a5bf1c83dfa6c34692ed5d8ea87f1bd385984309b42c302f2156f4d82477b,2670
- completed:
    hackage: typed-process-effectful-1.0.0.3@sha256:83de77e159986022eea66b9fb20812f9de7b27c951cef4cee11608c6b24a80ee,2092
    pantry-tree:
      sha256: b82047d4da54e0c58c01e5395bf30862dcae37cbf9780f0cd3fac84e0b061c4b
      size: 404
  original:
    hackage: typed-process-effectful-1.0.0.3@sha256:83de77e159986022eea66b9fb20812f9de7b27c951cef4cee11608c6b24a80ee,2092
- completed:
    commit: f8590486ec0fc66acf7db20308e1ed6993a52151
    git: https://github.com/tbidne/algebra-simple.git
    name: algebra-simple
    pantry-tree:
      sha256: 175574cc504ef22e28ced562b297fe5208bc4c96aedc9164b93aeeb7e381b281
      size: 3449
    version: '0.1'
  original:
    commit: f8590486ec0fc66acf7db20308e1ed6993a52151
    git: https://github.com/tbidne/algebra-simple.git
- completed:
    commit: f93b202c9d154b25b42b048570cf6648451aa577
    git: https://github.com/tbidne/bounds.git
    name: bounds
    pantry-tree:
      sha256: d35ab86d343913f00cbb7ae8db587047e6bb8efdb76c5a376e31d7ba85a63ebe
      size: 833
    version: '0.1'
  original:
    commit: f93b202c9d154b25b42b048570cf6648451aa577
    git: https://github.com/tbidne/bounds.git
- completed:
    commit: 9ecb81e4a16f62736dbe7f90cb1983e7212b0c0f
    git: https://github.com/tbidne/exception-utils.git
    name: exception-utils
    pantry-tree:
      sha256: 1891036ba15c61885fc6ae52fa3c942a8efe32a3e3999cb4af05aab138822de6
      size: 1032
    version: '0.1'
  original:
    commit: 9ecb81e4a16f62736dbe7f90cb1983e7212b0c0f
    git: https://github.com/tbidne/exception-utils.git
- completed:
    commit: 5406cea74491f382478e70734535c62fe6deef7d
    git: https://github.com/tbidne/fs-utils.git
    name: fs-utils
    pantry-tree:
      sha256: 47fed6f7db9855538f19990514bed5ab820283961352efb01994a9de27f8e2c2
      size: 1040
    version: '0.1'
  original:
    commit: 5406cea74491f382478e70734535c62fe6deef7d
    git: https://github.com/tbidne/fs-utils.git
- completed:
    commit: 0ffc603026f6632a39deb84530612192c1247a1f
    git: https://github.com/tbidne/effectful-libs.git
    name: concurrent-effectful
    pantry-tree:
      sha256: dc95a54f5892fa8a134a26d57a84bd1cd6280e1d7d252fe9d1d340025b8fb4da
      size: 245
    subdir: lib/concurrent-effectful
    version: '0.1'
  original:
    commit: 0ffc603026f6632a39deb84530612192c1247a1f
    git: https://github.com/tbidne/effectful-libs.git
    subdir: lib/concurrent-effectful
- completed:
    commit: 0ffc603026f6632a39deb84530612192c1247a1f
    git: https://github.com/tbidne/effectful-libs.git
    name: environment-effectful
    pantry-tree:
      sha256: e04161f244102d2c392e3e6d947ded68d27f71a83e6c4011c1900dfcf2249ba5
      size: 398
    subdir: lib/environment-effectful
    version: '0.1'
  original:
    commit: 0ffc603026f6632a39deb84530612192c1247a1f
    git: https://github.com/tbidne/effectful-libs.git
    subdir: lib/environment-effectful
- completed:
    commit: 0ffc603026f6632a39deb84530612192c1247a1f
    git: https://github.com/tbidne/effectful-libs.git
    name: fs-effectful
    pantry-tree:
      sha256: 247772cdb77050632446dfe7d0956a3975c28576e5e7130ccf9350b44212e8c4
      size: 1717
    subdir: lib/fs-effectful
    version: '0.1'
  original:
    commit: 0ffc603026f6632a39deb84530612192c1247a1f
    git: https://github.com/tbidne/effectful-libs.git
    subdir: lib/fs-effectful
- completed:
    commit: 0ffc603026f6632a39deb84530612192c1247a1f
    git: https://github.com/tbidne/effectful-libs.git
    name: ioref-effectful
    pantry-tree:
      sha256: ad35146000279749669c00875990e1d68382b66da3ff045dc576c66024c8af01
      size: 235
    subdir: lib/ioref-effectful
    version: '0.1'
  original:
    commit: 0ffc603026f6632a39deb84530612192c1247a1f
    git: https://github.com/tbidne/effectful-libs.git
    subdir: lib/ioref-effectful
- completed:
    commit: 0ffc603026f6632a39deb84530612192c1247a1f
    git: https://github.com/tbidne/effectful-libs.git
    name: optparse-effectful
    pantry-tree:
      sha256: 8820f72840b6c74bd1934ed06f0ab9e5cb87b54ed1ac056a72bb2ddcf223f095
      size: 386
    subdir: lib/optparse-effectful
    version: '0.1'
  original:
    commit: 0ffc603026f6632a39deb84530612192c1247a1f
    git: https://github.com/tbidne/effectful-libs.git
    subdir: lib/optparse-effectful
- completed:
    commit: 0ffc603026f6632a39deb84530612192c1247a1f
    git: https://github.com/tbidne/effectful-libs.git
    name: stm-effectful
    pantry-tree:
      sha256: efc6d509158c6893bc1a738b9874349e9f9ac3fcc82984169cadd3df3dc0379f
      size: 333
    subdir: lib/stm-effectful
    version: '0.1'
  original:
    commit: 0ffc603026f6632a39deb84530612192c1247a1f
    git: https://github.com/tbidne/effectful-libs.git
    subdir: lib/stm-effectful
- completed:
    commit: 0ffc603026f6632a39deb84530612192c1247a1f
    git: https://github.com/tbidne/effectful-libs.git
    name: time-effectful
    pantry-tree:
      sha256: a898149e389acb6abb466defbbc2bd8a6a7e855cb48452a2ca158aa98a749daf
      size: 501
    subdir: lib/time-effectful
    version: '0.1'
  original:
    commit: 0ffc603026f6632a39deb84530612192c1247a1f
    git: https://github.com/tbidne/effectful-libs.git
    subdir: lib/time-effectful
- completed:
    commit: 0ffc603026f6632a39deb84530612192c1247a1f
    git: https://github.com/tbidne/effectful-libs.git
    name: terminal-effectful
    pantry-tree:
      sha256: 226aa8732531232ee90d95d0f62ac07554c06e5edcd0a1c11d5b255767a5f86e
      size: 315
    subdir: lib/terminal-effectful
    version: '0.1'
  original:
    commit: 0ffc603026f6632a39deb84530612192c1247a1f
    git: https://github.com/tbidne/effectful-libs.git
    subdir: lib/terminal-effectful
- completed:
    commit: 0ffc603026f6632a39deb84530612192c1247a1f
    git: https://github.com/tbidne/effectful-libs.git
    name: unix-compat-effectful
    pantry-tree:
      sha256: 0889ac5ec4d285e8020520fd8bc342d1a9f85c1b8c63a738ccc266fa593b977e
      size: 528
    subdir: lib/unix-compat-effectful
    version: '0.1'
  original:
    commit: 0ffc603026f6632a39deb84530612192c1247a1f
    git: https://github.com/tbidne/effectful-libs.git
    subdir: lib/unix-compat-effectful
- completed:
    commit: b3be9b3b904059671ef07dbcbb11b8c04d50ddde
    git: https://github.com/tbidne/relative-time.git
    name: relative-time
    pantry-tree:
      sha256: b1a9788ee3f876b0ad21192b4f9bc65225bb9682dc9cd74fe6d9543fa4d4e928
      size: 899
    version: '0.1'
  original:
    commit: b3be9b3b904059671ef07dbcbb11b8c04d50ddde
    git: https://github.com/tbidne/relative-time.git
- completed:
    commit: df01a076966e7fe9af8cc49bb438078a14a8d951
    git: https://github.com/tbidne/si-bytes.git
    name: si-bytes
    pantry-tree:
      sha256: b8cd3cfeb7b667decf902087391930cdab77903c655aa8dc327608394e5411b8
      size: 3108
    version: '0.1'
  original:
    commit: df01a076966e7fe9af8cc49bb438078a14a8d951
    git: https://github.com/tbidne/si-bytes.git
- completed:
    commit: 9bd570201445904d12d0e0b792f171d02e6f361e
    git: https://github.com/tbidne/smart-math.git
    name: smart-math
    pantry-tree:
      sha256: caca3dab8ec81ad65390544751a3071f0555770f15da06967591737ab70edafa
      size: 4772
    version: '0.1'
  original:
    commit: 9bd570201445904d12d0e0b792f171d02e6f361e
    git: https://github.com/tbidne/smart-math.git
snapshots:
- completed:
    sha256: 41aa9ed56d4c6e9beeb9f855315c33bfd98b02265eab3632fd18dba2eaaa2537
    size: 645363
    url: https://raw.githubusercontent.com/commercialhaskell/stackage-snapshots/master/nightly/2024/5/22.yaml
  original: nightly-2024-05-22
